# THIS IS AN AUTOGENERATED FILE. DO NOT EDIT THIS FILE DIRECTLY.
# yarn lockfile v1


react-native-image-crop-picker@^0.51.1:
  version "0.51.1"
  resolved "https://registry.yarnpkg.com/react-native-image-crop-picker/-/react-native-image-crop-picker-0.51.1.tgz#1e42865454030c5194e693a9e7691bf5afe460f5"
  integrity sha512-GIFRyXJgv1dPceKd/hraK9q9V38v45rSg2ONR6RiSePcOJemkHpc/PMU86pq6lWPilDYHSxbZmea2pNMk85ayw==
